// !$*UTF8*$!
{
	archiveVersion = 1;
	classes = {
	};
	objectVersion = 50;
	objects = {

/* Begin PBXBuildFile section */
		148696ED25DDA1370095ADC7 /* AppDelegate.swift in Sources */ = {isa = PBXBuildFile; fileRef = 148696EC25DDA1370095ADC7 /* AppDelegate.swift */; };
		148696EF25DDA1370095ADC7 /* SceneDelegate.swift in Sources */ = {isa = PBXBuildFile; fileRef = 148696EE25DDA1370095ADC7 /* SceneDelegate.swift */; };
		148696F125DDA1370095ADC7 /* NewOrderViewController.swift in Sources */ = {isa = PBXBuildFile; fileRef = 148696F025DDA1370095ADC7 /* NewOrderViewController.swift */; };
		148696F625DDA1370095ADC7 /* Assets.xcassets in Resources */ = {isa = PBXBuildFile; fileRef = 148696F525DDA1370095ADC7 /* Assets.xcassets */; };
		148696F925DDA1370095ADC7 /* LaunchScreen.storyboard in Resources */ = {isa = PBXBuildFile; fileRef = 148696F725DDA1370095ADC7 /* LaunchScreen.storyboard */; };
		1486970525DDA5150095ADC7 /* PastOrderViewController.swift in Sources */ = {isa = PBXBuildFile; fileRef = 1486970425DDA5150095ADC7 /* PastOrderViewController.swift */; };
		1486970825DDA5730095ADC7 /* TabBarController.swift in Sources */ = {isa = PBXBuildFile; fileRef = 1486970725DDA5730095ADC7 /* TabBarController.swift */; };
/* End PBXBuildFile section */

/* Begin PBXFileReference section */
		148696E925DDA1370095ADC7 /* Bot-Shop.app */ = {isa = PBXFileReference; explicitFileType = wrapper.application; includeInIndex = 0; path = "Bot-Shop.app"; sourceTree = BUILT_PRODUCTS_DIR; };
		148696EC25DDA1370095ADC7 /* AppDelegate.swift */ = {isa = PBXFileReference; lastKnownFileType = sourcecode.swift; path = AppDelegate.swift; sourceTree = "<group>"; };
		148696EE25DDA1370095ADC7 /* SceneDelegate.swift */ = {isa = PBXFileReference; lastKnownFileType = sourcecode.swift; path = SceneDelegate.swift; sourceTree = "<group>"; };
		148696F025DDA1370095ADC7 /* NewOrderViewController.swift */ = {isa = PBXFileReference; lastKnownFileType = sourcecode.swift; path = NewOrderViewController.swift; sourceTree = "<group>"; };
		148696F525DDA1370095ADC7 /* Assets.xcassets */ = {isa = PBXFileReference; lastKnownFileType = folder.assetcatalog; path = Assets.xcassets; sourceTree = "<group>"; };
		148696F825DDA1370095ADC7 /* Base */ = {isa = PBXFileReference; lastKnownFileType = file.storyboard; name = Base; path = Base.lproj/LaunchScreen.storyboard; sourceTree = "<group>"; };
		148696FA25DDA1370095ADC7 /* Info.plist */ = {isa = PBXFileReference; lastKnownFileType = text.plist.xml; path = Info.plist; sourceTree = "<group>"; };
		1486970425DDA5150095ADC7 /* PastOrderViewController.swift */ = {isa = PBXFileReference; lastKnownFileType = sourcecode.swift; path = PastOrderViewController.swift; sourceTree = "<group>"; };
		1486970725DDA5730095ADC7 /* TabBarController.swift */ = {isa = PBXFileReference; lastKnownFileType = sourcecode.swift; path = TabBarController.swift; sourceTree = "<group>"; };
/* End PBXFileReference section */

/* Begin PBXFrameworksBuildPhase section */
		148696E625DDA1370095ADC7 /* Frameworks */ = {
			isa = PBXFrameworksBuildPhase;
			buildActionMask = 2147483647;
			files = (
			);
			runOnlyForDeploymentPostprocessing = 0;
		};
/* End PBXFrameworksBuildPhase section */

/* Begin PBXGroup section */
		148696E025DDA1370095ADC7 = {
			isa = PBXGroup;
			children = (
				148696EB25DDA1370095ADC7 /* Bot-Shop */,
				148696EA25DDA1370095ADC7 /* Products */,
			);
			sourceTree = "<group>";
		};
		148696EA25DDA1370095ADC7 /* Products */ = {
			isa = PBXGroup;
			children = (
				148696E925DDA1370095ADC7 /* Bot-Shop.app */,
			);
			name = Products;
			sourceTree = "<group>";
		};
		148696EB25DDA1370095ADC7 /* Bot-Shop */ = {
			isa = PBXGroup;
			children = (
				148696EC25DDA1370095ADC7 /* AppDelegate.swift */,
				148696EE25DDA1370095ADC7 /* SceneDelegate.swift */,
				1486970425DDA5150095ADC7 /* PastOrderViewController.swift */,
				1486970725DDA5730095ADC7 /* TabBarController.swift */,
				148696F025DDA1370095ADC7 /* NewOrderViewController.swift */,
				148696F525DDA1370095ADC7 /* Assets.xcassets */,
				148696F725DDA1370095ADC7 /* LaunchScreen.storyboard */,
				148696FA25DDA1370095ADC7 /* Info.plist */,
			);
			path = "Bot-Shop";
			sourceTree = "<group>";
		};
/* End PBXGroup section */

/* Begin PBXNativeTarget section */
		148696E825DDA1370095ADC7 /* Bot-Shop */ = {
			isa = PBXNativeTarget;
			buildConfigurationList = 148696FD25DDA1370095ADC7 /* Build configuration list for PBXNativeTarget "Bot-Shop" */;
			buildPhases = (
				148696E525DDA1370095ADC7 /* Sources */,
				148696E625DDA1370095ADC7 /* Frameworks */,
				148696E725DDA1370095ADC7 /* Resources */,
			);
			buildRules = (
			);
			dependencies = (
			);
			name = "Bot-Shop";
			productName = "Bot-Shop";
			productReference = 148696E925DDA1370095ADC7 /* Bot-Shop.app */;
			productType = "com.apple.product-type.application";
		};
/* End PBXNativeTarget section */

/* Begin PBXProject section */
		148696E125DDA1370095ADC7 /* Project object */ = {
			isa = PBXProject;
			attributes = {
				LastSwiftUpdateCheck = 1230;
				LastUpgradeCheck = 1230;
				TargetAttributes = {
					148696E825DDA1370095ADC7 = {
						CreatedOnToolsVersion = 12.3;
					};
				};
			};
			buildConfigurationList = 148696E425DDA1370095ADC7 /* Build configuration list for PBXProject "Bot-Shop" */;
			compatibilityVersion = "Xcode 9.3";
			developmentRegion = en;
			hasScannedForEncodings = 0;
			knownRegions = (
				en,
				Base,
			);
			mainGroup = 148696E025DDA1370095ADC7;
			productRefGroup = 148696EA25DDA1370095ADC7 /* Products */;
			projectDirPath = "";
			projectRoot = "";
			targets = (
				148696E825DDA1370095ADC7 /* Bot-Shop */,
			);
		};
/* End PBXProject section */

/* Begin PBXResourcesBuildPhase section */
		148696E725DDA1370095ADC7 /* Resources */ = {
			isa = PBXResourcesBuildPhase;
			buildActionMask = 2147483647;
			files = (
				148696F925DDA1370095ADC7 /* LaunchScreen.storyboard in Resources */,
				148696F625DDA1370095ADC7 /* Assets.xcassets in Resources */,
			);
			runOnlyForDeploymentPostprocessing = 0;
		};
/* End PBXResourcesBuildPhase section */

/* Begin PBXSourcesBuildPhase section */
		148696E525DDA1370095ADC7 /* Sources */ = {
			isa = PBXSourcesBuildPhase;
			buildActionMask = 2147483647;
			files = (
				148696F125DDA1370095ADC7 /* NewOrderViewController.swift in Sources */,
				148696ED25DDA1370095ADC7 /* AppDelegate.swift in Sources */,
				148696EF25DDA1370095ADC7 /* SceneDelegate.swift in Sources */,
				1486970825DDA5730095ADC7 /* TabBarController.swift in Sources */,
				1486970525DDA5150095ADC7 /* PastOrderViewController.swift in Sources */,
			);
			runOnlyForDeploymentPostprocessing = 0;
		};
/* End PBXSourcesBuildPhase section */

/* Begin PBXVariantGroup section */
		148696F725DDA1370095ADC7 /* LaunchScreen.storyboard */ = {
			isa = PBXVariantGroup;
			children = (
				148696F825DDA1370095ADC7 /* Base */,
			);
			name = LaunchScreen.storyboard;
			sourceTree = "<group>";
		};
/* End PBXVariantGroup section */

/* Begin XCBuildConfiguration section */
		148696FB25DDA1370095ADC7 /* Debug */ = {
			isa = XCBuildConfiguration;
			buildSettings = {
				ALWAYS_SEARCH_USER_PATHS = NO;
				CLANG_ANALYZER_NONNULL = YES;
				CLANG_ANALYZER_NUMBER_OBJECT_CONVERSION = YES_AGGRESSIVE;
				CLANG_CXX_LANGUAGE_STANDARD = "gnu++14";
				CLANG_CXX_LIBRARY = "libc++";
				CLANG_ENABLE_MODULES = YES;
				CLANG_ENABLE_OBJC_ARC = YES;
				CLANG_ENABLE_OBJC_WEAK = YES;
				CLANG_WARN_BLOCK_CAPTURE_AUTORELEASING = YES;
				CLANG_WARN_BOOL_CONVERSION = YES;
				CLANG_WARN_COMMA = YES;
				CLANG_WARN_CONSTANT_CONVERSION = YES;
				CLANG_WARN_DEPRECATED_OBJC_IMPLEMENTATIONS = YES;
				CLANG_WARN_DIRECT_OBJC_ISA_USAGE = YES_ERROR;
				CLANG_WARN_DOCUMENTATION_COMMENTS = YES;
				CLANG_WARN_EMPTY_BODY = YES;
				CLANG_WARN_ENUM_CONVERSION = YES;
				CLANG_WARN_INFINITE_RECURSION = YES;
				CLANG_WARN_INT_CONVERSION = YES;
				CLANG_WARN_NON_LITERAL_NULL_CONVERSION = YES;
				CLANG_WARN_OBJC_IMPLICIT_RETAIN_SELF = YES;
				CLANG_WARN_OBJC_LITERAL_CONVERSION = YES;
				CLANG_WARN_OBJC_ROOT_CLASS = YES_ERROR;
				CLANG_WARN_QUOTED_INCLUDE_IN_FRAMEWORK_HEADER = YES;
				CLANG_WARN_RANGE_LOOP_ANALYSIS = YES;
				CLANG_WARN_STRICT_PROTOTYPES = YES;
				CLANG_WARN_SUSPICIOUS_MOVE = YES;
				CLANG_WARN_UNGUARDED_AVAILABILITY = YES_AGGRESSIVE;
				CLANG_WARN_UNREACHABLE_CODE = YES;
				CLANG_WARN__DUPLICATE_METHOD_MATCH = YES;
				COPY_PHASE_STRIP = NO;
				DEBUG_INFORMATION_FORMAT = dwarf;
				ENABLE_STRICT_OBJC_MSGSEND = YES;
				ENABLE_TESTABILITY = YES;
				GCC_C_LANGUAGE_STANDARD = gnu11;
				GCC_DYNAMIC_NO_PIC = NO;
				GCC_NO_COMMON_BLOCKS = YES;
				GCC_OPTIMIZATION_LEVEL = 0;
				GCC_PREPROCESSOR_DEFINITIONS = (
					"DEBUG=1",
					"$(inherited)",
				);
				GCC_WARN_64_TO_32_BIT_CONVERSION = YES;
				GCC_WARN_ABOUT_RETURN_TYPE = YES_ERROR;
				GCC_WARN_UNDECLARED_SELECTOR = YES;
				GCC_WARN_UNINITIALIZED_AUTOS = YES_AGGRESSIVE;
				GCC_WARN_UNUSED_FUNCTION = YES;
				GCC_WARN_UNUSED_VARIABLE = YES;
				IPHONEOS_DEPLOYMENT_TARGET = 14.3;
				MTL_ENABLE_DEBUG_INFO = INCLUDE_SOURCE;
				MTL_FAST_MATH = YES;
				ONLY_ACTIVE_ARCH = YES;
				SDKROOT = iphoneos;
				SWIFT_ACTIVE_COMPILATION_CONDITIONS = DEBUG;
				SWIFT_OPTIMIZATION_LEVEL = "-Onone";
			};
			name = Debug;
		};
		148696FC25DDA1370095ADC7 /* Release */ = {
			isa = XCBuildConfiguration;
			buildSettings = {
				ALWAYS_SEARCH_USER_PATHS = NO;
				CLANG_ANALYZER_NONNULL = YES;
				CLANG_ANALYZER_NUMBER_OBJECT_CONVERSION = YES_AGGRESSIVE;
				CLANG_CXX_LANGUAGE_STANDARD = "gnu++14";
				CLANG_CXX_LIBRARY = "libc++";
				CLANG_ENABLE_MODULES = YES;
				CLANG_ENABLE_OBJC_ARC = YES;
				CLANG_ENABLE_OBJC_WEAK = YES;
				CLANG_WARN_BLOCK_CAPTURE_AUTORELEASING = YES;
				CLANG_WARN_BOOL_CONVERSION = YES;
				CLANG_WARN_COMMA = YES;
				CLANG_WARN_CONSTANT_CONVERSION = YES;
				CLANG_WARN_DEPRECATED_OBJC_IMPLEMENTATIONS = YES;
				CLANG_WARN_DIRECT_OBJC_ISA_USAGE = YES_ERROR;
				CLANG_WARN_DOCUMENTATION_COMMENTS = YES;
				CLANG_WARN_EMPTY_BODY = YES;
				CLANG_WARN_ENUM_CONVERSION = YES;
				CLANG_WARN_INFINITE_RECURSION = YES;
				CLANG_WARN_INT_CONVERSION = YES;
				CLANG_WARN_NON_LITERAL_NULL_CONVERSION = YES;
				CLANG_WARN_OBJC_IMPLICIT_RETAIN_SELF = YES;
				CLANG_WARN_OBJC_LITERAL_CONVERSION = YES;
				CLANG_WARN_OBJC_ROOT_CLASS = YES_ERROR;
				CLANG_WARN_QUOTED_INCLUDE_IN_FRAMEWORK_HEADER = YES;
				CLANG_WARN_RANGE_LOOP_ANALYSIS = YES;
				CLANG_WARN_STRICT_PROTOTYPES = YES;
				CLANG_WARN_SUSPICIOUS_MOVE = YES;
				CLANG_WARN_UNGUARDED_AVAILABILITY = YES_AGGRESSIVE;
				CLANG_WARN_UNREACHABLE_CODE = YES;
				CLANG_WARN__DUPLICATE_METHOD_MATCH = YES;
				COPY_PHASE_STRIP = NO;
				DEBUG_INFORMATION_FORMAT = "dwarf-with-dsym";
				ENABLE_NS_ASSERTIONS = NO;
				ENABLE_STRICT_OBJC_MSGSEND = YES;
				GCC_C_LANGUAGE_STANDARD = gnu11;
				GCC_NO_COMMON_BLOCKS = YES;
				GCC_WARN_64_TO_32_BIT_CONVERSION = YES;
				GCC_WARN_ABOUT_RETURN_TYPE = YES_ERROR;
				GCC_WARN_UNDECLARED_SELECTOR = YES;
				GCC_WARN_UNINITIALIZED_AUTOS = YES_AGGRESSIVE;
				GCC_WARN_UNUSED_FUNCTION = YES;
				GCC_WARN_UNUSED_VARIABLE = YES;
				IPHONEOS_DEPLOYMENT_TARGET = 14.3;
				MTL_ENABLE_DEBUG_INFO = NO;
				MTL_FAST_MATH = YES;
				SDKROOT = iphoneos;
				SWIFT_COMPILATION_MODE = wholemodule;
				SWIFT_OPTIMIZATION_LEVEL = "-O";
				VALIDATE_PRODUCT = YES;
			};
			name = Release;
		};
		148696FE25DDA1370095ADC7 /* Debug */ = {
			isa = XCBuildConfiguration;
			buildSettings = {
				ASSETCATALOG_COMPILER_APPICON_NAME = AppIcon;
				ASSETCATALOG_COMPILER_GLOBAL_ACCENT_COLOR_NAME = AccentColor;
				CODE_SIGN_STYLE = Automatic;
				DEVELOPMENT_TEAM = CA6PY2LF2K;
				INFOPLIST_FILE = "Bot-Shop/Info.plist";
				LD_RUNPATH_SEARCH_PATHS = (
					"$(inherited)",
					"@executable_path/Frameworks",
				);
				PRODUCT_BUNDLE_IDENTIFIER = "com.yxinghang.Bot-Shop";
				PRODUCT_NAME = "$(TARGET_NAME)";
				SWIFT_VERSION = 5.0;
				TARGETED_DEVICE_FAMILY = "1,2";
			};
			name = Debug;
		};
		148696FF25DDA1370095ADC7 /* Release */ = {
			isa = XCBuildConfiguration;
			buildSettings = {
				ASSETCATALOG_COMPILER_APPICON_NAME = AppIcon;
				ASSETCATALOG_COMPILER_GLOBAL_ACCENT_COLOR_NAME = AccentColor;
				CODE_SIGN_STYLE = Automatic;
				DEVELOPMENT_TEAM = CA6PY2LF2K;
				INFOPLIST_FILE = "Bot-Shop/Info.plist";
				LD_RUNPATH_SEARCH_PATHS = (
					"$(inherited)",
					"@executable_path/Frameworks",
				);
				PRODUCT_BUNDLE_IDENTIFIER = "com.yxinghang.Bot-Shop";
				PRODUCT_NAME = "$(TARGET_NAME)";
				SWIFT_VERSION = 5.0;
				TARGETED_DEVICE_FAMILY = "1,2";
			};
			name = Release;
		};
/* End XCBuildConfiguration section */

/* Begin XCConfigurationList section */
		148696E425DDA1370095ADC7 /* Build configuration list for PBXProject "Bot-Shop" */ = {
			isa = XCConfigurationList;
			buildConfigurations = (
				148696FB25DDA1370095ADC7 /* Debug */,
				148696FC25DDA1370095ADC7 /* Release */,
			);
			defaultConfigurationIsVisible = 0;
			defaultConfigurationName = Release;
		};
		148696FD25DDA1370095ADC7 /* Build configuration list for PBXNativeTarget "Bot-Shop" */ = {
			isa = XCConfigurationList;
			buildConfigurations = (
				148696FE25DDA1370095ADC7 /* Debug */,
				148696FF25DDA1370095ADC7 /* Release */,
			);
			defaultConfigurationIsVisible = 0;
			defaultConfigurationName = Release;
		};
/* End XCConfigurationList section */
	};
	rootObject = 148696E125DDA1370095ADC7 /* Project object */;
}
